
Microsoft Visual Studio Solution File, Format Version 12.00
# Visual Studio Version 17
VisualStudioVersion = 17.7.34009.444
MinimumVisualStudioVersion = 10.0.40219.1
Project("{9A19103F-16F7-4668-BE54-9A1E7A4F7556}") = "EntregaFinalCAI.Grupo3", "EntregaFinalCAI.Grupo3.csproj", "{D60DC188-9376-4341-8015-B3ED0A9BED1A}"
EndProject
Global
	GlobalSection(SolutionConfigurationPlatforms) = preSolution
		Debug|Any CPU = Debug|Any CPU
		Release|Any CPU = Release|Any CPU
	EndGlobalSection
	GlobalSection(ProjectConfigurationPlatforms) = postSolution
		{D60DC188-9376-4341-8015-B3ED0A9BED1A}.Debug|Any CPU.ActiveCfg = Debug|Any CPU
		{D60DC188-9376-4341-8015-B3ED0A9BED1A}.Debug|Any CPU.Build.0 = Debug|Any CPU
		{D60DC188-9376-4341-8015-B3ED0A9BED1A}.Release|Any CPU.ActiveCfg = Release|Any CPU
		{D60DC188-9376-4341-8015-B3ED0A9BED1A}.Release|Any CPU.Build.0 = Release|Any CPU
	EndGlobalSection
	GlobalSection(SolutionProperties) = preSolution
		HideSolutionNode = FALSE
	EndGlobalSection
	GlobalSection(ExtensibilityGlobals) = postSolution
		SolutionGuid = {6B8109F5-19E7-4E47-B52D-0305A8C3608E}
	EndGlobalSection
EndGlobal
